
Microsoft Visual Studio Solution File, Format Version 12.00
# Visual Studio Version 16
VisualStudioVersion = 16.0.29613.14
MinimumVisualStudioVersion = 10.0.40219.1
Project("{9A19103F-16F7-4668-BE54-9A1E7A4F7556}") = "App", "App\App.csproj", "{F4FD44DB-2F06-4A4B-9194-7013D98A1282}"
EndProject
Project("{FAE04EC0-301F-11D3-BF4B-00C04F79EFBC}") = "Core", "Core\Core.csproj", "{5755EB62-00BB-4A90-BEBF-8E6977C555B2}"
EndProject
Global
	GlobalSection(SolutionConfigurationPlatforms) = preSolution
		Debug|Any CPU = Debug|Any CPU
		Release|Any CPU = Release|Any CPU
	EndGlobalSection
	GlobalSection(ProjectConfigurationPlatforms) = postSolution
		{F4FD44DB-2F06-4A4B-9194-7013D98A1282}.Debug|Any CPU.ActiveCfg = Debug|Any CPU
		{F4FD44DB-2F06-4A4B-9194-7013D98A1282}.Debug|Any CPU.Build.0 = Debug|Any CPU
		{F4FD44DB-2F06-4A4B-9194-7013D98A1282}.Release|Any CPU.ActiveCfg = Release|Any CPU
		{F4FD44DB-2F06-4A4B-9194-7013D98A1282}.Release|Any CPU.Build.0 = Release|Any CPU
		{5755EB62-00BB-4A90-BEBF-8E6977C555B2}.Debug|Any CPU.ActiveCfg = Debug|Any CPU
		{5755EB62-00BB-4A90-BEBF-8E6977C555B2}.Debug|Any CPU.Build.0 = Debug|Any CPU
		{5755EB62-00BB-4A90-BEBF-8E6977C555B2}.Release|Any CPU.ActiveCfg = Release|Any CPU
		{5755EB62-00BB-4A90-BEBF-8E6977C555B2}.Release|Any CPU.Build.0 = Release|Any CPU
	EndGlobalSection
	GlobalSection(SolutionProperties) = preSolution
		HideSolutionNode = FALSE
	EndGlobalSection
	GlobalSection(ExtensibilityGlobals) = postSolution
		SolutionGuid = {7EB1D519-5C87-4F3F-851F-D7EC885A98A5}
	EndGlobalSection
EndGlobal
